
Microsoft Visual Studio Solution File, Format Version 12.00
# Visual Studio Version 16
VisualStudioVersion = 16.0.30002.166
MinimumVisualStudioVersion = 10.0.40219.1
Project("{9A19103F-16F7-4668-BE54-9A1E7A4F7556}") = "ApiFirst", "ApiFirst\ApiFirst.csproj", "{54EA5E65-D282-496E-AD8D-2F4249A92CFC}"
EndProject
Project("{9A19103F-16F7-4668-BE54-9A1E7A4F7556}") = "ApiSecond", "ApiSecond\ApiSecond.csproj", "{FB22FC6F-5E5C-4A59-A7B4-573456C3BCC7}"
EndProject
Project("{9A19103F-16F7-4668-BE54-9A1E7A4F7556}") = "ApiGateWayFirst", "ApiGateWayFirst\ApiGateWayFirst.csproj", "{15F40C4B-1C98-423E-9026-8A4BE9E90AEC}"
EndProject
Project("{2150E333-8FDC-42A3-9474-1A3956D46DE8}") = "BuildingBlocks", "BuildingBlocks", "{B25BCA53-B716-495E-8023-1DD4E14B3020}"
EndProject
Project("{2150E333-8FDC-42A3-9474-1A3956D46DE8}") = "DevSpaces.Support", "DevSpaces.Support", "{5FB0AFD3-CD58-4EDB-80DB-649751B4A51F}"
EndProject
Project("{2150E333-8FDC-42A3-9474-1A3956D46DE8}") = "EventBus", "EventBus", "{0EEB7D43-3FE9-4638-A829-A5DDFFF12155}"
EndProject
Project("{9A19103F-16F7-4668-BE54-9A1E7A4F7556}") = "EventBusNew", "EventBusNew\EventBusNew.csproj", "{5B8F1C9B-2B81-478A-A282-0DEE2F9AFFBE}"
EndProject
Project("{9A19103F-16F7-4668-BE54-9A1E7A4F7556}") = "EventBusRabbitMQ", "EventBusRabbitMQ\EventBusRabbitMQ.csproj", "{FB55514C-D304-4149-A0F8-28A3A34F1E21}"
EndProject
Project("{9A19103F-16F7-4668-BE54-9A1E7A4F7556}") = "EventBusServiceBus", "EventBusServiceBus\EventBusServiceBus.csproj", "{D9DC9075-D890-4BCC-8914-6C8BD405FC8A}"
EndProject
Project("{9A19103F-16F7-4668-BE54-9A1E7A4F7556}") = "IntegrationEventLogEF", "IntegrationEventLogEF\IntegrationEventLogEF.csproj", "{30E7907D-6E04-410A-B42C-C04AA04A527E}"
EndProject
Project("{2150E333-8FDC-42A3-9474-1A3956D46DE8}") = "WebHost", "WebHost", "{60C309B3-0A20-476F-9CFA-67D67E656143}"
EndProject
Project("{9A19103F-16F7-4668-BE54-9A1E7A4F7556}") = "WebHost.Customization", "WebHost.Customization\WebHost.Customization.csproj", "{29220FC9-401C-4D55-BA11-F28E968FC4E5}"
EndProject
Project("{FAE04EC0-301F-11D3-BF4B-00C04F79EFBC}") = "DevSpaces.SupportNew2", "DevSpaces.SupportNew2\DevSpaces.SupportNew2.csproj", "{C2AD6403-E09C-449E-8395-D9EB0F057FB3}"
EndProject
Global
	GlobalSection(SolutionConfigurationPlatforms) = preSolution
		Debug|Any CPU = Debug|Any CPU
		Release|Any CPU = Release|Any CPU
	EndGlobalSection
	GlobalSection(ProjectConfigurationPlatforms) = postSolution
		{54EA5E65-D282-496E-AD8D-2F4249A92CFC}.Debug|Any CPU.ActiveCfg = Debug|Any CPU
		{54EA5E65-D282-496E-AD8D-2F4249A92CFC}.Debug|Any CPU.Build.0 = Debug|Any CPU
		{54EA5E65-D282-496E-AD8D-2F4249A92CFC}.Release|Any CPU.ActiveCfg = Release|Any CPU
		{54EA5E65-D282-496E-AD8D-2F4249A92CFC}.Release|Any CPU.Build.0 = Release|Any CPU
		{FB22FC6F-5E5C-4A59-A7B4-573456C3BCC7}.Debug|Any CPU.ActiveCfg = Debug|Any CPU
		{FB22FC6F-5E5C-4A59-A7B4-573456C3BCC7}.Debug|Any CPU.Build.0 = Debug|Any CPU
		{FB22FC6F-5E5C-4A59-A7B4-573456C3BCC7}.Release|Any CPU.ActiveCfg = Release|Any CPU
		{FB22FC6F-5E5C-4A59-A7B4-573456C3BCC7}.Release|Any CPU.Build.0 = Release|Any CPU
		{15F40C4B-1C98-423E-9026-8A4BE9E90AEC}.Debug|Any CPU.ActiveCfg = Debug|Any CPU
		{15F40C4B-1C98-423E-9026-8A4BE9E90AEC}.Debug|Any CPU.Build.0 = Debug|Any CPU
		{15F40C4B-1C98-423E-9026-8A4BE9E90AEC}.Release|Any CPU.ActiveCfg = Release|Any CPU
		{15F40C4B-1C98-423E-9026-8A4BE9E90AEC}.Release|Any CPU.Build.0 = Release|Any CPU
		{5B8F1C9B-2B81-478A-A282-0DEE2F9AFFBE}.Debug|Any CPU.ActiveCfg = Debug|Any CPU
		{5B8F1C9B-2B81-478A-A282-0DEE2F9AFFBE}.Debug|Any CPU.Build.0 = Debug|Any CPU
		{5B8F1C9B-2B81-478A-A282-0DEE2F9AFFBE}.Release|Any CPU.ActiveCfg = Release|Any CPU
		{5B8F1C9B-2B81-478A-A282-0DEE2F9AFFBE}.Release|Any CPU.Build.0 = Release|Any CPU
		{FB55514C-D304-4149-A0F8-28A3A34F1E21}.Debug|Any CPU.ActiveCfg = Debug|Any CPU
		{FB55514C-D304-4149-A0F8-28A3A34F1E21}.Debug|Any CPU.Build.0 = Debug|Any CPU
		{FB55514C-D304-4149-A0F8-28A3A34F1E21}.Release|Any CPU.ActiveCfg = Release|Any CPU
		{FB55514C-D304-4149-A0F8-28A3A34F1E21}.Release|Any CPU.Build.0 = Release|Any CPU
		{D9DC9075-D890-4BCC-8914-6C8BD405FC8A}.Debug|Any CPU.ActiveCfg = Debug|Any CPU
		{D9DC9075-D890-4BCC-8914-6C8BD405FC8A}.Debug|Any CPU.Build.0 = Debug|Any CPU
		{D9DC9075-D890-4BCC-8914-6C8BD405FC8A}.Release|Any CPU.ActiveCfg = Release|Any CPU
		{D9DC9075-D890-4BCC-8914-6C8BD405FC8A}.Release|Any CPU.Build.0 = Release|Any CPU
		{30E7907D-6E04-410A-B42C-C04AA04A527E}.Debug|Any CPU.ActiveCfg = Debug|Any CPU
		{30E7907D-6E04-410A-B42C-C04AA04A527E}.Debug|Any CPU.Build.0 = Debug|Any CPU
		{30E7907D-6E04-410A-B42C-C04AA04A527E}.Release|Any CPU.ActiveCfg = Release|Any CPU
		{30E7907D-6E04-410A-B42C-C04AA04A527E}.Release|Any CPU.Build.0 = Release|Any CPU
		{29220FC9-401C-4D55-BA11-F28E968FC4E5}.Debug|Any CPU.ActiveCfg = Debug|Any CPU
		{29220FC9-401C-4D55-BA11-F28E968FC4E5}.Debug|Any CPU.Build.0 = Debug|Any CPU
		{29220FC9-401C-4D55-BA11-F28E968FC4E5}.Release|Any CPU.ActiveCfg = Release|Any CPU
		{29220FC9-401C-4D55-BA11-F28E968FC4E5}.Release|Any CPU.Build.0 = Release|Any CPU
		{C2AD6403-E09C-449E-8395-D9EB0F057FB3}.Debug|Any CPU.ActiveCfg = Debug|Any CPU
		{C2AD6403-E09C-449E-8395-D9EB0F057FB3}.Debug|Any CPU.Build.0 = Debug|Any CPU
		{C2AD6403-E09C-449E-8395-D9EB0F057FB3}.Release|Any CPU.ActiveCfg = Release|Any CPU
		{C2AD6403-E09C-449E-8395-D9EB0F057FB3}.Release|Any CPU.Build.0 = Release|Any CPU
	EndGlobalSection
	GlobalSection(SolutionProperties) = preSolution
		HideSolutionNode = FALSE
	EndGlobalSection
	GlobalSection(NestedProjects) = preSolution
		{5FB0AFD3-CD58-4EDB-80DB-649751B4A51F} = {B25BCA53-B716-495E-8023-1DD4E14B3020}
		{0EEB7D43-3FE9-4638-A829-A5DDFFF12155} = {B25BCA53-B716-495E-8023-1DD4E14B3020}
		{5B8F1C9B-2B81-478A-A282-0DEE2F9AFFBE} = {0EEB7D43-3FE9-4638-A829-A5DDFFF12155}
		{FB55514C-D304-4149-A0F8-28A3A34F1E21} = {0EEB7D43-3FE9-4638-A829-A5DDFFF12155}
		{D9DC9075-D890-4BCC-8914-6C8BD405FC8A} = {0EEB7D43-3FE9-4638-A829-A5DDFFF12155}
		{30E7907D-6E04-410A-B42C-C04AA04A527E} = {0EEB7D43-3FE9-4638-A829-A5DDFFF12155}
		{60C309B3-0A20-476F-9CFA-67D67E656143} = {B25BCA53-B716-495E-8023-1DD4E14B3020}
		{29220FC9-401C-4D55-BA11-F28E968FC4E5} = {60C309B3-0A20-476F-9CFA-67D67E656143}
		{C2AD6403-E09C-449E-8395-D9EB0F057FB3} = {5FB0AFD3-CD58-4EDB-80DB-649751B4A51F}
	EndGlobalSection
	GlobalSection(ExtensibilityGlobals) = postSolution
		SolutionGuid = {24C2AE94-BDEE-426B-83D5-2D517650AA32}
	EndGlobalSection
EndGlobal
